
Microsoft Visual Studio Solution File, Format Version 12.00
# Visual Studio 15
VisualStudioVersion = 15.0.27004.2005
MinimumVisualStudioVersion = 10.0.40219.1
Project("{FAE04EC0-301F-11D3-BF4B-00C04F79EFBC}") = "SpecFlowDodopizza", "SpecFlowDodopizza\SpecFlowDodopizza.csproj", "{56AF7824-2743-42A5-AAA8-14284BD19CDB}"
EndProject
Global
	GlobalSection(SolutionConfigurationPlatforms) = preSolution
		Debug|Any CPU = Debug|Any CPU
		Release|Any CPU = Release|Any CPU
	EndGlobalSection
	GlobalSection(ProjectConfigurationPlatforms) = postSolution
		{56AF7824-2743-42A5-AAA8-14284BD19CDB}.Debug|Any CPU.ActiveCfg = Debug|Any CPU
		{56AF7824-2743-42A5-AAA8-14284BD19CDB}.Debug|Any CPU.Build.0 = Debug|Any CPU
		{56AF7824-2743-42A5-AAA8-14284BD19CDB}.Release|Any CPU.ActiveCfg = Release|Any CPU
		{56AF7824-2743-42A5-AAA8-14284BD19CDB}.Release|Any CPU.Build.0 = Release|Any CPU
	EndGlobalSection
	GlobalSection(SolutionProperties) = preSolution
		HideSolutionNode = FALSE
	EndGlobalSection
	GlobalSection(ExtensibilityGlobals) = postSolution
		SolutionGuid = {E2AC345B-90F6-42F4-A3A8-5ECD20AFA4FF}
	EndGlobalSection
EndGlobal
